// !$*UTF8*$!
{
	archiveVersion = 1;
	classes = {
	};
	objectVersion = 55;
	objects = {

/* Begin PBXBuildFile section */
		680C625F28B3D7EC005F6137 /* Africa_SwiftUIApp.swift in Sources */ = {isa = PBXBuildFile; fileRef = 680C625E28B3D7EC005F6137 /* Africa_SwiftUIApp.swift */; };
		680C626128B3D7EC005F6137 /* ContentView.swift in Sources */ = {isa = PBXBuildFile; fileRef = 680C626028B3D7EC005F6137 /* ContentView.swift */; };
		680C626328B3D7F0005F6137 /* Assets.xcassets in Resources */ = {isa = PBXBuildFile; fileRef = 680C626228B3D7F0005F6137 /* Assets.xcassets */; };
		680C626628B3D7F0005F6137 /* Preview Assets.xcassets in Resources */ = {isa = PBXBuildFile; fileRef = 680C626528B3D7F0005F6137 /* Preview Assets.xcassets */; };
		680C627728B3DB13005F6137 /* lioness.mp4 in Resources */ = {isa = PBXBuildFile; fileRef = 680C626D28B3DB10005F6137 /* lioness.mp4 */; };
		680C627828B3DB13005F6137 /* giraffe.mp4 in Resources */ = {isa = PBXBuildFile; fileRef = 680C626E28B3DB10005F6137 /* giraffe.mp4 */; };
		680C627928B3DB13005F6137 /* cheetah.mp4 in Resources */ = {isa = PBXBuildFile; fileRef = 680C626F28B3DB11005F6137 /* cheetah.mp4 */; };
		680C627A28B3DB13005F6137 /* gorilla.mp4 in Resources */ = {isa = PBXBuildFile; fileRef = 680C627028B3DB11005F6137 /* gorilla.mp4 */; };
		680C627B28B3DB13005F6137 /* elephant.mp4 in Resources */ = {isa = PBXBuildFile; fileRef = 680C627128B3DB11005F6137 /* elephant.mp4 */; };
		680C627C28B3DB13005F6137 /* ostrich.mp4 in Resources */ = {isa = PBXBuildFile; fileRef = 680C627228B3DB12005F6137 /* ostrich.mp4 */; };
		680C627D28B3DB13005F6137 /* hippo.mp4 in Resources */ = {isa = PBXBuildFile; fileRef = 680C627328B3DB12005F6137 /* hippo.mp4 */; };
		680C627E28B3DB13005F6137 /* rhino.mp4 in Resources */ = {isa = PBXBuildFile; fileRef = 680C627428B3DB12005F6137 /* rhino.mp4 */; };
		680C627F28B3DB13005F6137 /* zebra.mp4 in Resources */ = {isa = PBXBuildFile; fileRef = 680C627528B3DB13005F6137 /* zebra.mp4 */; };
		680C628028B3DB13005F6137 /* lion.mp4 in Resources */ = {isa = PBXBuildFile; fileRef = 680C627628B3DB13005F6137 /* lion.mp4 */; };
		680C628628B3DB8D005F6137 /* locations.json in Resources */ = {isa = PBXBuildFile; fileRef = 680C628228B3DB8C005F6137 /* locations.json */; };
		680C628728B3DB8D005F6137 /* animals.json in Resources */ = {isa = PBXBuildFile; fileRef = 680C628328B3DB8C005F6137 /* animals.json */; };
		680C628828B3DB8D005F6137 /* videos.json in Resources */ = {isa = PBXBuildFile; fileRef = 680C628428B3DB8C005F6137 /* videos.json */; };
		680C628928B3DB8D005F6137 /* covers.json in Resources */ = {isa = PBXBuildFile; fileRef = 680C628528B3DB8D005F6137 /* covers.json */; };
		680C628F28B3E09B005F6137 /* VideoListView.swift in Sources */ = {isa = PBXBuildFile; fileRef = 680C628E28B3E09B005F6137 /* VideoListView.swift */; };
		680C629128B3E0B8005F6137 /* MapView.swift in Sources */ = {isa = PBXBuildFile; fileRef = 680C629028B3E0B8005F6137 /* MapView.swift */; };
		680C629328B3E0CE005F6137 /* GalleryView.swift in Sources */ = {isa = PBXBuildFile; fileRef = 680C629228B3E0CE005F6137 /* GalleryView.swift */; };
		680C629528B3E0E5005F6137 /* MainView.swift in Sources */ = {isa = PBXBuildFile; fileRef = 680C629428B3E0E5005F6137 /* MainView.swift */; };
		680C629928B3E462005F6137 /* CoverImageView.swift in Sources */ = {isa = PBXBuildFile; fileRef = 680C629828B3E462005F6137 /* CoverImageView.swift */; };
		6827E5FB28BA19CD001BBA9A /* VideoModel.swift in Sources */ = {isa = PBXBuildFile; fileRef = 6827E5FA28BA19CD001BBA9A /* VideoModel.swift */; };
		6827E5FD28BA1A44001BBA9A /* VideoListItemView.swift in Sources */ = {isa = PBXBuildFile; fileRef = 6827E5FC28BA1A44001BBA9A /* VideoListItemView.swift */; };
		6827E5FF28BA234F001BBA9A /* VideoPlayerView.swift in Sources */ = {isa = PBXBuildFile; fileRef = 6827E5FE28BA234F001BBA9A /* VideoPlayerView.swift */; };
		6827E60228BA2387001BBA9A /* VideoPlayerHelper.swift in Sources */ = {isa = PBXBuildFile; fileRef = 6827E60128BA2387001BBA9A /* VideoPlayerHelper.swift */; };
		684F2C0F28C38083008C8793 /* AnimalGridItemView.swift in Sources */ = {isa = PBXBuildFile; fileRef = 684F2C0E28C38083008C8793 /* AnimalGridItemView.swift */; };
		684F2C1528C38F10008C8793 /* Stickers.xcassets in Resources */ = {isa = PBXBuildFile; fileRef = 684F2C1428C38F10008C8793 /* Stickers.xcassets */; };
		684F2C1928C38F10008C8793 /* Stickers.appex in Embed App Extensions */ = {isa = PBXBuildFile; fileRef = 684F2C1228C38F0D008C8793 /* Stickers.appex */; platformFilter = ios; settings = {ATTRIBUTES = (RemoveHeadersOnCopy, ); }; };
		684F2C2028C39643008C8793 /* CreditsView.swift in Sources */ = {isa = PBXBuildFile; fileRef = 684F2C1F28C39643008C8793 /* CreditsView.swift */; };
		684F2C2328C39874008C8793 /* CenterModifier.swift in Sources */ = {isa = PBXBuildFile; fileRef = 684F2C2228C39874008C8793 /* CenterModifier.swift */; };
		686CFE6228B67E57002B6869 /* CoverImageModel.swift in Sources */ = {isa = PBXBuildFile; fileRef = 686CFE6128B67E57002B6869 /* CoverImageModel.swift */; };
		686CFE6528B67EB2002B6869 /* CodableBundleExtension.swift in Sources */ = {isa = PBXBuildFile; fileRef = 686CFE6428B67EB2002B6869 /* CodableBundleExtension.swift */; };
		6880192228BBACE2005A9677 /* MotionAnimationView.swift in Sources */ = {isa = PBXBuildFile; fileRef = 6880192128BBACE2005A9677 /* MotionAnimationView.swift */; };
		688094E928BA3F180029C3FC /* LocationModel.swift in Sources */ = {isa = PBXBuildFile; fileRef = 688094E828BA3F180029C3FC /* LocationModel.swift */; };
		6885A4DE28BA489800CDF82F /* MapAnnotationView.swift in Sources */ = {isa = PBXBuildFile; fileRef = 6885A4DD28BA489800CDF82F /* MapAnnotationView.swift */; };
		6885E3F728B68C000025C92A /* AnimalListItemView.swift in Sources */ = {isa = PBXBuildFile; fileRef = 6885E3F628B68C000025C92A /* AnimalListItemView.swift */; };
		6885E3FB28B68DC10025C92A /* AnimalModel.swift in Sources */ = {isa = PBXBuildFile; fileRef = 6885E3FA28B68DC10025C92A /* AnimalModel.swift */; };
		68BB073828B91AF900EF4631 /* AnimalDetailView.swift in Sources */ = {isa = PBXBuildFile; fileRef = 68BB073728B91AF900EF4631 /* AnimalDetailView.swift */; };
		68BB073A28B9214900EF4631 /* HeadingView.swift in Sources */ = {isa = PBXBuildFile; fileRef = 68BB073928B9214900EF4631 /* HeadingView.swift */; };
		68BB073C28B922BC00EF4631 /* InsetGalleryView.swift in Sources */ = {isa = PBXBuildFile; fileRef = 68BB073B28B922BC00EF4631 /* InsetGalleryView.swift */; };
		68BB073E28B92D3A00EF4631 /* InsetFactView.swift in Sources */ = {isa = PBXBuildFile; fileRef = 68BB073D28B92D3A00EF4631 /* InsetFactView.swift */; };
		68BB074028B92FB700EF4631 /* InsetMapView.swift in Sources */ = {isa = PBXBuildFile; fileRef = 68BB073F28B92FB700EF4631 /* InsetMapView.swift */; };
		68BB074228B9344600EF4631 /* ExternalWeblinkView.swift in Sources */ = {isa = PBXBuildFile; fileRef = 68BB074128B9344600EF4631 /* ExternalWeblinkView.swift */; };
/* End PBXBuildFile section */

/* Begin PBXContainerItemProxy section */
		684F2C1728C38F10008C8793 /* PBXContainerItemProxy */ = {
			isa = PBXContainerItemProxy;
			containerPortal = 680C625328B3D7EC005F6137 /* Project object */;
			proxyType = 1;
			remoteGlobalIDString = 684F2C1128C38F0D008C8793;
			remoteInfo = Stickers;
		};
/* End PBXContainerItemProxy section */

/* Begin PBXCopyFilesBuildPhase section */
		684F2C1D28C38F10008C8793 /* Embed App Extensions */ = {
			isa = PBXCopyFilesBuildPhase;
			buildActionMask = 2147483647;
			dstPath = "";
			dstSubfolderSpec = 13;
			files = (
				684F2C1928C38F10008C8793 /* Stickers.appex in Embed App Extensions */,
			);
			name = "Embed App Extensions";
			runOnlyForDeploymentPostprocessing = 0;
		};
/* End PBXCopyFilesBuildPhase section */

/* Begin PBXFileReference section */
		680C625B28B3D7EC005F6137 /* Africa_SwiftUI.app */ = {isa = PBXFileReference; explicitFileType = wrapper.application; includeInIndex = 0; path = Africa_SwiftUI.app; sourceTree = BUILT_PRODUCTS_DIR; };
		680C625E28B3D7EC005F6137 /* Africa_SwiftUIApp.swift */ = {isa = PBXFileReference; lastKnownFileType = sourcecode.swift; path = Africa_SwiftUIApp.swift; sourceTree = "<group>"; };
		680C626028B3D7EC005F6137 /* ContentView.swift */ = {isa = PBXFileReference; lastKnownFileType = sourcecode.swift; path = ContentView.swift; sourceTree = "<group>"; };
		680C626228B3D7F0005F6137 /* Assets.xcassets */ = {isa = PBXFileReference; lastKnownFileType = folder.assetcatalog; path = Assets.xcassets; sourceTree = "<group>"; };
		680C626528B3D7F0005F6137 /* Preview Assets.xcassets */ = {isa = PBXFileReference; lastKnownFileType = folder.assetcatalog; path = "Preview Assets.xcassets"; sourceTree = "<group>"; };
		680C626D28B3DB10005F6137 /* lioness.mp4 */ = {isa = PBXFileReference; lastKnownFileType = file; path = lioness.mp4; sourceTree = "<group>"; };
		680C626E28B3DB10005F6137 /* giraffe.mp4 */ = {isa = PBXFileReference; lastKnownFileType = file; path = giraffe.mp4; sourceTree = "<group>"; };
		680C626F28B3DB11005F6137 /* cheetah.mp4 */ = {isa = PBXFileReference; lastKnownFileType = file; path = cheetah.mp4; sourceTree = "<group>"; };
		680C627028B3DB11005F6137 /* gorilla.mp4 */ = {isa = PBXFileReference; lastKnownFileType = file; path = gorilla.mp4; sourceTree = "<group>"; };
		680C627128B3DB11005F6137 /* elephant.mp4 */ = {isa = PBXFileReference; lastKnownFileType = file; path = elephant.mp4; sourceTree = "<group>"; };
		680C627228B3DB12005F6137 /* ostrich.mp4 */ = {isa = PBXFileReference; lastKnownFileType = file; path = ostrich.mp4; sourceTree = "<group>"; };
		680C627328B3DB12005F6137 /* hippo.mp4 */ = {isa = PBXFileReference; lastKnownFileType = file; path = hippo.mp4; sourceTree = "<group>"; };
		680C627428B3DB12005F6137 /* rhino.mp4 */ = {isa = PBXFileReference; lastKnownFileType = file; path = rhino.mp4; sourceTree = "<group>"; };
		680C627528B3DB13005F6137 /* zebra.mp4 */ = {isa = PBXFileReference; lastKnownFileType = file; path = zebra.mp4; sourceTree = "<group>"; };
		680C627628B3DB13005F6137 /* lion.mp4 */ = {isa = PBXFileReference; lastKnownFileType = file; path = lion.mp4; sourceTree = "<group>"; };
		680C628228B3DB8C005F6137 /* locations.json */ = {isa = PBXFileReference; fileEncoding = 4; lastKnownFileType = text.json; path = locations.json; sourceTree = "<group>"; };
		680C628328B3DB8C005F6137 /* animals.json */ = {isa = PBXFileReference; fileEncoding = 4; lastKnownFileType = text.json; path = animals.json; sourceTree = "<group>"; };
		680C628428B3DB8C005F6137 /* videos.json */ = {isa = PBXFileReference; fileEncoding = 4; lastKnownFileType = text.json; path = videos.json; sourceTree = "<group>"; };
		680C628528B3DB8D005F6137 /* covers.json */ = {isa = PBXFileReference; fileEncoding = 4; lastKnownFileType = text.json; path = covers.json; sourceTree = "<group>"; };
		680C628A28B3DDD5005F6137 /* Africa-SwiftUI-Info.plist */ = {isa = PBXFileReference; lastKnownFileType = text.plist; path = "Africa-SwiftUI-Info.plist"; sourceTree = SOURCE_ROOT; };
		680C628E28B3E09B005F6137 /* VideoListView.swift */ = {isa = PBXFileReference; lastKnownFileType = sourcecode.swift; path = VideoListView.swift; sourceTree = "<group>"; };
		680C629028B3E0B8005F6137 /* MapView.swift */ = {isa = PBXFileReference; lastKnownFileType = sourcecode.swift; path = MapView.swift; sourceTree = "<group>"; };
		680C629228B3E0CE005F6137 /* GalleryView.swift */ = {isa = PBXFileReference; lastKnownFileType = sourcecode.swift; path = GalleryView.swift; sourceTree = "<group>"; };
		680C629428B3E0E5005F6137 /* MainView.swift */ = {isa = PBXFileReference; lastKnownFileType = sourcecode.swift; path = MainView.swift; sourceTree = "<group>"; };
		680C629828B3E462005F6137 /* CoverImageView.swift */ = {isa = PBXFileReference; lastKnownFileType = sourcecode.swift; path = CoverImageView.swift; sourceTree = "<group>"; };
		6827E5FA28BA19CD001BBA9A /* VideoModel.swift */ = {isa = PBXFileReference; lastKnownFileType = sourcecode.swift; path = VideoModel.swift; sourceTree = "<group>"; };
		6827E5FC28BA1A44001BBA9A /* VideoListItemView.swift */ = {isa = PBXFileReference; lastKnownFileType = sourcecode.swift; path = VideoListItemView.swift; sourceTree = "<group>"; };
		6827E5FE28BA234F001BBA9A /* VideoPlayerView.swift */ = {isa = PBXFileReference; lastKnownFileType = sourcecode.swift; path = VideoPlayerView.swift; sourceTree = "<group>"; };
		6827E60128BA2387001BBA9A /* VideoPlayerHelper.swift */ = {isa = PBXFileReference; lastKnownFileType = sourcecode.swift; path = VideoPlayerHelper.swift; sourceTree = "<group>"; };
		684F2C0E28C38083008C8793 /* AnimalGridItemView.swift */ = {isa = PBXFileReference; lastKnownFileType = sourcecode.swift; path = AnimalGridItemView.swift; sourceTree = "<group>"; };
		684F2C1228C38F0D008C8793 /* Stickers.appex */ = {isa = PBXFileReference; explicitFileType = "wrapper.app-extension"; includeInIndex = 0; path = Stickers.appex; sourceTree = BUILT_PRODUCTS_DIR; };
		684F2C1428C38F10008C8793 /* Stickers.xcassets */ = {isa = PBXFileReference; lastKnownFileType = folder.assetcatalog; path = Stickers.xcassets; sourceTree = "<group>"; };
		684F2C1628C38F10008C8793 /* Info.plist */ = {isa = PBXFileReference; lastKnownFileType = text.plist.xml; path = Info.plist; sourceTree = "<group>"; };
		684F2C1E28C39434008C8793 /* Africa_SwiftUI.entitlements */ = {isa = PBXFileReference; lastKnownFileType = text.plist.entitlements; path = Africa_SwiftUI.entitlements; sourceTree = "<group>"; };
		684F2C1F28C39643008C8793 /* CreditsView.swift */ = {isa = PBXFileReference; lastKnownFileType = sourcecode.swift; path = CreditsView.swift; sourceTree = "<group>"; };
		684F2C2228C39874008C8793 /* CenterModifier.swift */ = {isa = PBXFileReference; lastKnownFileType = sourcecode.swift; path = CenterModifier.swift; sourceTree = "<group>"; };
		686CFE6128B67E57002B6869 /* CoverImageModel.swift */ = {isa = PBXFileReference; lastKnownFileType = sourcecode.swift; path = CoverImageModel.swift; sourceTree = "<group>"; };
		686CFE6428B67EB2002B6869 /* CodableBundleExtension.swift */ = {isa = PBXFileReference; lastKnownFileType = sourcecode.swift; path = CodableBundleExtension.swift; sourceTree = "<group>"; };
		6880192128BBACE2005A9677 /* MotionAnimationView.swift */ = {isa = PBXFileReference; lastKnownFileType = sourcecode.swift; path = MotionAnimationView.swift; sourceTree = "<group>"; };
		688094E828BA3F180029C3FC /* LocationModel.swift */ = {isa = PBXFileReference; lastKnownFileType = sourcecode.swift; path = LocationModel.swift; sourceTree = "<group>"; };
		6885A4DD28BA489800CDF82F /* MapAnnotationView.swift */ = {isa = PBXFileReference; lastKnownFileType = sourcecode.swift; path = MapAnnotationView.swift; sourceTree = "<group>"; };
		6885E3F628B68C000025C92A /* AnimalListItemView.swift */ = {isa = PBXFileReference; lastKnownFileType = sourcecode.swift; path = AnimalListItemView.swift; sourceTree = "<group>"; };
		6885E3FA28B68DC10025C92A /* AnimalModel.swift */ = {isa = PBXFileReference; fileEncoding = 4; lastKnownFileType = sourcecode.swift; path = AnimalModel.swift; sourceTree = "<group>"; };
		68BB073728B91AF900EF4631 /* AnimalDetailView.swift */ = {isa = PBXFileReference; lastKnownFileType = sourcecode.swift; path = AnimalDetailView.swift; sourceTree = "<group>"; };
		68BB073928B9214900EF4631 /* HeadingView.swift */ = {isa = PBXFileReference; lastKnownFileType = sourcecode.swift; path = HeadingView.swift; sourceTree = "<group>"; };
		68BB073B28B922BC00EF4631 /* InsetGalleryView.swift */ = {isa = PBXFileReference; lastKnownFileType = sourcecode.swift; path = InsetGalleryView.swift; sourceTree = "<group>"; };
		68BB073D28B92D3A00EF4631 /* InsetFactView.swift */ = {isa = PBXFileReference; lastKnownFileType = sourcecode.swift; path = InsetFactView.swift; sourceTree = "<group>"; };
		68BB073F28B92FB700EF4631 /* InsetMapView.swift */ = {isa = PBXFileReference; lastKnownFileType = sourcecode.swift; path = InsetMapView.swift; sourceTree = "<group>"; };
		68BB074128B9344600EF4631 /* ExternalWeblinkView.swift */ = {isa = PBXFileReference; lastKnownFileType = sourcecode.swift; path = ExternalWeblinkView.swift; sourceTree = "<group>"; };
/* End PBXFileReference section */

/* Begin PBXFrameworksBuildPhase section */
		680C625828B3D7EC005F6137 /* Frameworks */ = {
			isa = PBXFrameworksBuildPhase;
			buildActionMask = 2147483647;
			files = (
			);
			runOnlyForDeploymentPostprocessing = 0;
		};
/* End PBXFrameworksBuildPhase section */

/* Begin PBXGroup section */
		680C625228B3D7EC005F6137 = {
			isa = PBXGroup;
			children = (
				680C625D28B3D7EC005F6137 /* Africa_SwiftUI */,
				684F2C1328C38F0D008C8793 /* Stickers */,
				680C625C28B3D7EC005F6137 /* Products */,
			);
			sourceTree = "<group>";
		};
		680C625C28B3D7EC005F6137 /* Products */ = {
			isa = PBXGroup;
			children = (
				680C625B28B3D7EC005F6137 /* Africa_SwiftUI.app */,
				684F2C1228C38F0D008C8793 /* Stickers.appex */,
			);
			name = Products;
			sourceTree = "<group>";
		};
		680C625D28B3D7EC005F6137 /* Africa_SwiftUI */ = {
			isa = PBXGroup;
			children = (
				684F2C2128C3985A008C8793 /* Modifier */,
				684F2C1E28C39434008C8793 /* Africa_SwiftUI.entitlements */,
				680C628A28B3DDD5005F6137 /* Africa-SwiftUI-Info.plist */,
				6827E60028BA2373001BBA9A /* Helper */,
				686CFE6328B67E9C002B6869 /* Extension */,
				686CFE6028B67E41002B6869 /* Model */,
				680C628128B3DB7B005F6137 /* Data */,
				680C626C28B3DAFE005F6137 /* Video */,
				680C628D28B3E025005F6137 /* View */,
				680C628C28B3E016005F6137 /* App */,
				680C626228B3D7F0005F6137 /* Assets.xcassets */,
				680C626428B3D7F0005F6137 /* Preview Content */,
			);
			path = Africa_SwiftUI;
			sourceTree = "<group>";
		};
		680C626428B3D7F0005F6137 /* Preview Content */ = {
			isa = PBXGroup;
			children = (
				680C626528B3D7F0005F6137 /* Preview Assets.xcassets */,
			);
			path = "Preview Content";
			sourceTree = "<group>";
		};
		680C626C28B3DAFE005F6137 /* Video */ = {
			isa = PBXGroup;
			children = (
				680C626F28B3DB11005F6137 /* cheetah.mp4 */,
				680C627128B3DB11005F6137 /* elephant.mp4 */,
				680C626E28B3DB10005F6137 /* giraffe.mp4 */,
				680C627028B3DB11005F6137 /* gorilla.mp4 */,
				680C627328B3DB12005F6137 /* hippo.mp4 */,
				680C627628B3DB13005F6137 /* lion.mp4 */,
				680C626D28B3DB10005F6137 /* lioness.mp4 */,
				680C627228B3DB12005F6137 /* ostrich.mp4 */,
				680C627428B3DB12005F6137 /* rhino.mp4 */,
				680C627528B3DB13005F6137 /* zebra.mp4 */,
			);
			path = Video;
			sourceTree = "<group>";
		};
		680C628128B3DB7B005F6137 /* Data */ = {
			isa = PBXGroup;
			children = (
				680C628328B3DB8C005F6137 /* animals.json */,
				680C628528B3DB8D005F6137 /* covers.json */,
				680C628228B3DB8C005F6137 /* locations.json */,
				680C628428B3DB8C005F6137 /* videos.json */,
			);
			path = Data;
			sourceTree = "<group>";
		};
		680C628C28B3E016005F6137 /* App */ = {
			isa = PBXGroup;
			children = (
				680C625E28B3D7EC005F6137 /* Africa_SwiftUIApp.swift */,
				680C626028B3D7EC005F6137 /* ContentView.swift */,
				680C628E28B3E09B005F6137 /* VideoListView.swift */,
				680C629028B3E0B8005F6137 /* MapView.swift */,
				680C629228B3E0CE005F6137 /* GalleryView.swift */,
				680C629428B3E0E5005F6137 /* MainView.swift */,
			);
			path = App;
			sourceTree = "<group>";
		};
		680C628D28B3E025005F6137 /* View */ = {
			isa = PBXGroup;
			children = (
				680C629828B3E462005F6137 /* CoverImageView.swift */,
				6885E3F628B68C000025C92A /* AnimalListItemView.swift */,
				68BB073728B91AF900EF4631 /* AnimalDetailView.swift */,
				68BB073928B9214900EF4631 /* HeadingView.swift */,
				68BB073B28B922BC00EF4631 /* InsetGalleryView.swift */,
				68BB073D28B92D3A00EF4631 /* InsetFactView.swift */,
				68BB073F28B92FB700EF4631 /* InsetMapView.swift */,
				68BB074128B9344600EF4631 /* ExternalWeblinkView.swift */,
				6827E5FC28BA1A44001BBA9A /* VideoListItemView.swift */,
				6827E5FE28BA234F001BBA9A /* VideoPlayerView.swift */,
				6885A4DD28BA489800CDF82F /* MapAnnotationView.swift */,
				6880192128BBACE2005A9677 /* MotionAnimationView.swift */,
				684F2C0E28C38083008C8793 /* AnimalGridItemView.swift */,
				684F2C1F28C39643008C8793 /* CreditsView.swift */,
			);
			path = View;
			sourceTree = "<group>";
		};
		6827E60028BA2373001BBA9A /* Helper */ = {
			isa = PBXGroup;
			children = (
				6827E60128BA2387001BBA9A /* VideoPlayerHelper.swift */,
			);
			path = Helper;
			sourceTree = "<group>";
		};
		684F2C1328C38F0D008C8793 /* Stickers */ = {
			isa = PBXGroup;
			children = (
				684F2C1428C38F10008C8793 /* Stickers.xcassets */,
				684F2C1628C38F10008C8793 /* Info.plist */,
			);
			path = Stickers;
			sourceTree = "<group>";
		};
		684F2C2128C3985A008C8793 /* Modifier */ = {
			isa = PBXGroup;
			children = (
				684F2C2228C39874008C8793 /* CenterModifier.swift */,
			);
			path = Modifier;
			sourceTree = "<group>";
		};
		686CFE6028B67E41002B6869 /* Model */ = {
			isa = PBXGroup;
			children = (
				686CFE6128B67E57002B6869 /* CoverImageModel.swift */,
				6885E3FA28B68DC10025C92A /* AnimalModel.swift */,
				6827E5FA28BA19CD001BBA9A /* VideoModel.swift */,
				688094E828BA3F180029C3FC /* LocationModel.swift */,
			);
			path = Model;
			sourceTree = "<group>";
		};
		686CFE6328B67E9C002B6869 /* Extension */ = {
			isa = PBXGroup;
			children = (
				686CFE6428B67EB2002B6869 /* CodableBundleExtension.swift */,
			);
			path = Extension;
			sourceTree = "<group>";
		};
/* End PBXGroup section */

/* Begin PBXNativeTarget section */
		680C625A28B3D7EC005F6137 /* Africa_SwiftUI */ = {
			isa = PBXNativeTarget;
			buildConfigurationList = 680C626928B3D7F0005F6137 /* Build configuration list for PBXNativeTarget "Africa_SwiftUI" */;
			buildPhases = (
				680C625728B3D7EC005F6137 /* Sources */,
				680C625828B3D7EC005F6137 /* Frameworks */,
				680C625928B3D7EC005F6137 /* Resources */,
				684F2C1D28C38F10008C8793 /* Embed App Extensions */,
			);
			buildRules = (
			);
			dependencies = (
				684F2C1828C38F10008C8793 /* PBXTargetDependency */,
			);
			name = Africa_SwiftUI;
			productName = Africa_SwiftUI;
			productReference = 680C625B28B3D7EC005F6137 /* Africa_SwiftUI.app */;
			productType = "com.apple.product-type.application";
		};
		684F2C1128C38F0D008C8793 /* Stickers */ = {
			isa = PBXNativeTarget;
			buildConfigurationList = 684F2C1A28C38F10008C8793 /* Build configuration list for PBXNativeTarget "Stickers" */;
			buildPhases = (
				684F2C1028C38F0D008C8793 /* Resources */,
			);
			buildRules = (
			);
			dependencies = (
			);
			name = Stickers;
			productName = Stickers;
			productReference = 684F2C1228C38F0D008C8793 /* Stickers.appex */;
			productType = "com.apple.product-type.app-extension.messages-sticker-pack";
		};
/* End PBXNativeTarget section */

/* Begin PBXProject section */
		680C625328B3D7EC005F6137 /* Project object */ = {
			isa = PBXProject;
			attributes = {
				BuildIndependentTargetsInParallel = 1;
				LastSwiftUpdateCheck = 1340;
				LastUpgradeCheck = 1340;
				TargetAttributes = {
					680C625A28B3D7EC005F6137 = {
						CreatedOnToolsVersion = 13.4.1;
					};
					684F2C1128C38F0D008C8793 = {
						CreatedOnToolsVersion = 13.4.1;
					};
				};
			};
			buildConfigurationList = 680C625628B3D7EC005F6137 /* Build configuration list for PBXProject "Africa_SwiftUI" */;
			compatibilityVersion = "Xcode 13.0";
			developmentRegion = en;
			hasScannedForEncodings = 0;
			knownRegions = (
				en,
				Base,
			);
			mainGroup = 680C625228B3D7EC005F6137;
			productRefGroup = 680C625C28B3D7EC005F6137 /* Products */;
			projectDirPath = "";
			projectRoot = "";
			targets = (
				680C625A28B3D7EC005F6137 /* Africa_SwiftUI */,
				684F2C1128C38F0D008C8793 /* Stickers */,
			);
		};
/* End PBXProject section */

/* Begin PBXResourcesBuildPhase section */
		680C625928B3D7EC005F6137 /* Resources */ = {
			isa = PBXResourcesBuildPhase;
			buildActionMask = 2147483647;
			files = (
				680C628628B3DB8D005F6137 /* locations.json in Resources */,
				680C626628B3D7F0005F6137 /* Preview Assets.xcassets in Resources */,
				680C628828B3DB8D005F6137 /* videos.json in Resources */,
				680C628028B3DB13005F6137 /* lion.mp4 in Resources */,
				680C627D28B3DB13005F6137 /* hippo.mp4 in Resources */,
				680C628928B3DB8D005F6137 /* covers.json in Resources */,
				680C627928B3DB13005F6137 /* cheetah.mp4 in Resources */,
				680C626328B3D7F0005F6137 /* Assets.xcassets in Resources */,
				680C627828B3DB13005F6137 /* giraffe.mp4 in Resources */,
				680C628728B3DB8D005F6137 /* animals.json in Resources */,
				680C627B28B3DB13005F6137 /* elephant.mp4 in Resources */,
				680C627F28B3DB13005F6137 /* zebra.mp4 in Resources */,
				680C627A28B3DB13005F6137 /* gorilla.mp4 in Resources */,
				680C627C28B3DB13005F6137 /* ostrich.mp4 in Resources */,
				680C627E28B3DB13005F6137 /* rhino.mp4 in Resources */,
				680C627728B3DB13005F6137 /* lioness.mp4 in Resources */,
			);
			runOnlyForDeploymentPostprocessing = 0;
		};
		684F2C1028C38F0D008C8793 /* Resources */ = {
			isa = PBXResourcesBuildPhase;
			buildActionMask = 2147483647;
			files = (
				684F2C1528C38F10008C8793 /* Stickers.xcassets in Resources */,
			);
			runOnlyForDeploymentPostprocessing = 0;
		};
/* End PBXResourcesBuildPhase section */

/* Begin PBXSourcesBuildPhase section */
		680C625728B3D7EC005F6137 /* Sources */ = {
			isa = PBXSourcesBuildPhase;
			buildActionMask = 2147483647;
			files = (
				68BB074228B9344600EF4631 /* ExternalWeblinkView.swift in Sources */,
				680C626128B3D7EC005F6137 /* ContentView.swift in Sources */,
				6885E3F728B68C000025C92A /* AnimalListItemView.swift in Sources */,
				680C629528B3E0E5005F6137 /* MainView.swift in Sources */,
				68BB073E28B92D3A00EF4631 /* InsetFactView.swift in Sources */,
				680C629928B3E462005F6137 /* CoverImageView.swift in Sources */,
				686CFE6228B67E57002B6869 /* CoverImageModel.swift in Sources */,
				68BB073828B91AF900EF4631 /* AnimalDetailView.swift in Sources */,
				6885E3FB28B68DC10025C92A /* AnimalModel.swift in Sources */,
				680C629128B3E0B8005F6137 /* MapView.swift in Sources */,
				6827E60228BA2387001BBA9A /* VideoPlayerHelper.swift in Sources */,
				68BB074028B92FB700EF4631 /* InsetMapView.swift in Sources */,
				680C625F28B3D7EC005F6137 /* Africa_SwiftUIApp.swift in Sources */,
				6885A4DE28BA489800CDF82F /* MapAnnotationView.swift in Sources */,
				680C628F28B3E09B005F6137 /* VideoListView.swift in Sources */,
				6827E5FB28BA19CD001BBA9A /* VideoModel.swift in Sources */,
				680C629328B3E0CE005F6137 /* GalleryView.swift in Sources */,
				688094E928BA3F180029C3FC /* LocationModel.swift in Sources */,
				684F2C0F28C38083008C8793 /* AnimalGridItemView.swift in Sources */,
				68BB073C28B922BC00EF4631 /* InsetGalleryView.swift in Sources */,
				6827E5FD28BA1A44001BBA9A /* VideoListItemView.swift in Sources */,
				684F2C2028C39643008C8793 /* CreditsView.swift in Sources */,
				686CFE6528B67EB2002B6869 /* CodableBundleExtension.swift in Sources */,
				6880192228BBACE2005A9677 /* MotionAnimationView.swift in Sources */,
				684F2C2328C39874008C8793 /* CenterModifier.swift in Sources */,
				68BB073A28B9214900EF4631 /* HeadingView.swift in Sources */,
				6827E5FF28BA234F001BBA9A /* VideoPlayerView.swift in Sources */,
			);
			runOnlyForDeploymentPostprocessing = 0;
		};
/* End PBXSourcesBuildPhase section */

/* Begin PBXTargetDependency section */
		684F2C1828C38F10008C8793 /* PBXTargetDependency */ = {
			isa = PBXTargetDependency;
			platformFilter = ios;
			target = 684F2C1128C38F0D008C8793 /* Stickers */;
			targetProxy = 684F2C1728C38F10008C8793 /* PBXContainerItemProxy */;
		};
/* End PBXTargetDependency section */

/* Begin XCBuildConfiguration section */
		680C626728B3D7F0005F6137 /* Debug */ = {
			isa = XCBuildConfiguration;
			buildSettings = {
				ALWAYS_SEARCH_USER_PATHS = NO;
				CLANG_ANALYZER_NONNULL = YES;
				CLANG_ANALYZER_NUMBER_OBJECT_CONVERSION = YES_AGGRESSIVE;
				CLANG_CXX_LANGUAGE_STANDARD = "gnu++17";
				CLANG_ENABLE_MODULES = YES;
				CLANG_ENABLE_OBJC_ARC = YES;
				CLANG_ENABLE_OBJC_WEAK = YES;
				CLANG_WARN_BLOCK_CAPTURE_AUTORELEASING = YES;
				CLANG_WARN_BOOL_CONVERSION = YES;
				CLANG_WARN_COMMA = YES;
				CLANG_WARN_CONSTANT_CONVERSION = YES;
				CLANG_WARN_DEPRECATED_OBJC_IMPLEMENTATIONS = YES;
				CLANG_WARN_DIRECT_OBJC_ISA_USAGE = YES_ERROR;
				CLANG_WARN_DOCUMENTATION_COMMENTS = YES;
				CLANG_WARN_EMPTY_BODY = YES;
				CLANG_WARN_ENUM_CONVERSION = YES;
				CLANG_WARN_INFINITE_RECURSION = YES;
				CLANG_WARN_INT_CONVERSION = YES;
				CLANG_WARN_NON_LITERAL_NULL_CONVERSION = YES;
				CLANG_WARN_OBJC_IMPLICIT_RETAIN_SELF = YES;
				CLANG_WARN_OBJC_LITERAL_CONVERSION = YES;
				CLANG_WARN_OBJC_ROOT_CLASS = YES_ERROR;
				CLANG_WARN_QUOTED_INCLUDE_IN_FRAMEWORK_HEADER = YES;
				CLANG_WARN_RANGE_LOOP_ANALYSIS = YES;
				CLANG_WARN_STRICT_PROTOTYPES = YES;
				CLANG_WARN_SUSPICIOUS_MOVE = YES;
				CLANG_WARN_UNGUARDED_AVAILABILITY = YES_AGGRESSIVE;
				CLANG_WARN_UNREACHABLE_CODE = YES;
				CLANG_WARN__DUPLICATE_METHOD_MATCH = YES;
				COPY_PHASE_STRIP = NO;
				DEBUG_INFORMATION_FORMAT = dwarf;
				ENABLE_STRICT_OBJC_MSGSEND = YES;
				ENABLE_TESTABILITY = YES;
				GCC_C_LANGUAGE_STANDARD = gnu11;
				GCC_DYNAMIC_NO_PIC = NO;
				GCC_NO_COMMON_BLOCKS = YES;
				GCC_OPTIMIZATION_LEVEL = 0;
				GCC_PREPROCESSOR_DEFINITIONS = (
					"DEBUG=1",
					"$(inherited)",
				);
				GCC_WARN_64_TO_32_BIT_CONVERSION = YES;
				GCC_WARN_ABOUT_RETURN_TYPE = YES_ERROR;
				GCC_WARN_UNDECLARED_SELECTOR = YES;
				GCC_WARN_UNINITIALIZED_AUTOS = YES_AGGRESSIVE;
				GCC_WARN_UNUSED_FUNCTION = YES;
				GCC_WARN_UNUSED_VARIABLE = YES;
				IPHONEOS_DEPLOYMENT_TARGET = 15.5;
				MTL_ENABLE_DEBUG_INFO = INCLUDE_SOURCE;
				MTL_FAST_MATH = YES;
				ONLY_ACTIVE_ARCH = YES;
				SDKROOT = iphoneos;
				SWIFT_ACTIVE_COMPILATION_CONDITIONS = DEBUG;
				SWIFT_OPTIMIZATION_LEVEL = "-Onone";
			};
			name = Debug;
		};
		680C626828B3D7F0005F6137 /* Release */ = {
			isa = XCBuildConfiguration;
			buildSettings = {
				ALWAYS_SEARCH_USER_PATHS = NO;
				CLANG_ANALYZER_NONNULL = YES;
				CLANG_ANALYZER_NUMBER_OBJECT_CONVERSION = YES_AGGRESSIVE;
				CLANG_CXX_LANGUAGE_STANDARD = "gnu++17";
				CLANG_ENABLE_MODULES = YES;
				CLANG_ENABLE_OBJC_ARC = YES;
				CLANG_ENABLE_OBJC_WEAK = YES;
				CLANG_WARN_BLOCK_CAPTURE_AUTORELEASING = YES;
				CLANG_WARN_BOOL_CONVERSION = YES;
				CLANG_WARN_COMMA = YES;
				CLANG_WARN_CONSTANT_CONVERSION = YES;
				CLANG_WARN_DEPRECATED_OBJC_IMPLEMENTATIONS = YES;
				CLANG_WARN_DIRECT_OBJC_ISA_USAGE = YES_ERROR;
				CLANG_WARN_DOCUMENTATION_COMMENTS = YES;
				CLANG_WARN_EMPTY_BODY = YES;
				CLANG_WARN_ENUM_CONVERSION = YES;
				CLANG_WARN_INFINITE_RECURSION = YES;
				CLANG_WARN_INT_CONVERSION = YES;
				CLANG_WARN_NON_LITERAL_NULL_CONVERSION = YES;
				CLANG_WARN_OBJC_IMPLICIT_RETAIN_SELF = YES;
				CLANG_WARN_OBJC_LITERAL_CONVERSION = YES;
				CLANG_WARN_OBJC_ROOT_CLASS = YES_ERROR;
				CLANG_WARN_QUOTED_INCLUDE_IN_FRAMEWORK_HEADER = YES;
				CLANG_WARN_RANGE_LOOP_ANALYSIS = YES;
				CLANG_WARN_STRICT_PROTOTYPES = YES;
				CLANG_WARN_SUSPICIOUS_MOVE = YES;
				CLANG_WARN_UNGUARDED_AVAILABILITY = YES_AGGRESSIVE;
				CLANG_WARN_UNREACHABLE_CODE = YES;
				CLANG_WARN__DUPLICATE_METHOD_MATCH = YES;
				COPY_PHASE_STRIP = NO;
				DEBUG_INFORMATION_FORMAT = "dwarf-with-dsym";
				ENABLE_NS_ASSERTIONS = NO;
				ENABLE_STRICT_OBJC_MSGSEND = YES;
				GCC_C_LANGUAGE_STANDARD = gnu11;
				GCC_NO_COMMON_BLOCKS = YES;
				GCC_WARN_64_TO_32_BIT_CONVERSION = YES;
				GCC_WARN_ABOUT_RETURN_TYPE = YES_ERROR;
				GCC_WARN_UNDECLARED_SELECTOR = YES;
				GCC_WARN_UNINITIALIZED_AUTOS = YES_AGGRESSIVE;
				GCC_WARN_UNUSED_FUNCTION = YES;
				GCC_WARN_UNUSED_VARIABLE = YES;
				IPHONEOS_DEPLOYMENT_TARGET = 15.5;
				MTL_ENABLE_DEBUG_INFO = NO;
				MTL_FAST_MATH = YES;
				SDKROOT = iphoneos;
				SWIFT_COMPILATION_MODE = wholemodule;
				SWIFT_OPTIMIZATION_LEVEL = "-O";
				VALIDATE_PRODUCT = YES;
			};
			name = Release;
		};
		680C626A28B3D7F0005F6137 /* Debug */ = {
			isa = XCBuildConfiguration;
			buildSettings = {
				ASSETCATALOG_COMPILER_APPICON_NAME = AppIcon;
				ASSETCATALOG_COMPILER_GLOBAL_ACCENT_COLOR_NAME = AccentColor;
				CODE_SIGN_ENTITLEMENTS = Africa_SwiftUI/Africa_SwiftUI.entitlements;
				CODE_SIGN_IDENTITY = "Apple Development";
				CODE_SIGN_STYLE = Automatic;
				CURRENT_PROJECT_VERSION = 1;
				DEVELOPMENT_ASSET_PATHS = "\"Africa_SwiftUI/Preview Content\"";
				DEVELOPMENT_TEAM = Q62RS7827A;
				ENABLE_PREVIEWS = YES;
				GENERATE_INFOPLIST_FILE = YES;
				INFOPLIST_FILE = "Africa-SwiftUI-Info.plist";
				INFOPLIST_KEY_UIApplicationSceneManifest_Generation = YES;
				INFOPLIST_KEY_UIApplicationSupportsIndirectInputEvents = YES;
				INFOPLIST_KEY_UISupportedInterfaceOrientations_iPad = "UIInterfaceOrientationPortrait UIInterfaceOrientationPortraitUpsideDown UIInterfaceOrientationLandscapeLeft UIInterfaceOrientationLandscapeRight";
				INFOPLIST_KEY_UISupportedInterfaceOrientations_iPhone = "UIInterfaceOrientationPortrait UIInterfaceOrientationLandscapeLeft UIInterfaceOrientationLandscapeRight";
				INFOPLIST_KEY_UIUserInterfaceStyle = Dark;
				LD_RUNPATH_SEARCH_PATHS = (
					"$(inherited)",
					"@executable_path/Frameworks",
				);
				MARKETING_VERSION = 1.0;
				PRODUCT_BUNDLE_IDENTIFIER = com.visitsouthlake;
				PRODUCT_NAME = "$(TARGET_NAME)";
				PROVISIONING_PROFILE_SPECIFIER = "";
				SUPPORTS_MACCATALYST = YES;
				SWIFT_EMIT_LOC_STRINGS = YES;
				SWIFT_VERSION = 5.0;
				TARGETED_DEVICE_FAMILY = "1,2";
			};
			name = Debug;
		};
		680C626B28B3D7F0005F6137 /* Release */ = {
			isa = XCBuildConfiguration;
			buildSettings = {
				ASSETCATALOG_COMPILER_APPICON_NAME = AppIcon;
				ASSETCATALOG_COMPILER_GLOBAL_ACCENT_COLOR_NAME = AccentColor;
				CODE_SIGN_ENTITLEMENTS = Africa_SwiftUI/Africa_SwiftUI.entitlements;
				CODE_SIGN_IDENTITY = "Apple Development";
				CODE_SIGN_STYLE = Automatic;
				CURRENT_PROJECT_VERSION = 1;
				DEVELOPMENT_ASSET_PATHS = "\"Africa_SwiftUI/Preview Content\"";
				DEVELOPMENT_TEAM = Q62RS7827A;
				ENABLE_PREVIEWS = YES;
				GENERATE_INFOPLIST_FILE = YES;
				INFOPLIST_FILE = "Africa-SwiftUI-Info.plist";
				INFOPLIST_KEY_UIApplicationSceneManifest_Generation = YES;
				INFOPLIST_KEY_UIApplicationSupportsIndirectInputEvents = YES;
				INFOPLIST_KEY_UISupportedInterfaceOrientations_iPad = "UIInterfaceOrientationPortrait UIInterfaceOrientationPortraitUpsideDown UIInterfaceOrientationLandscapeLeft UIInterfaceOrientationLandscapeRight";
				INFOPLIST_KEY_UISupportedInterfaceOrientations_iPhone = "UIInterfaceOrientationPortrait UIInterfaceOrientationLandscapeLeft UIInterfaceOrientationLandscapeRight";
				INFOPLIST_KEY_UIUserInterfaceStyle = Dark;
				LD_RUNPATH_SEARCH_PATHS = (
					"$(inherited)",
					"@executable_path/Frameworks",
				);
				MARKETING_VERSION = 1.0;
				PRODUCT_BUNDLE_IDENTIFIER = com.visitsouthlake;
				PRODUCT_NAME = "$(TARGET_NAME)";
				PROVISIONING_PROFILE_SPECIFIER = "";
				SUPPORTS_MACCATALYST = YES;
				SWIFT_EMIT_LOC_STRINGS = YES;
				SWIFT_VERSION = 5.0;
				TARGETED_DEVICE_FAMILY = "1,2";
			};
			name = Release;
		};
		684F2C1B28C38F10008C8793 /* Debug */ = {
			isa = XCBuildConfiguration;
			buildSettings = {
				ASSETCATALOG_COMPILER_APPICON_NAME = "iMessage App Icon";
				CODE_SIGN_IDENTITY = "Apple Development";
				CODE_SIGN_STYLE = Automatic;
				CURRENT_PROJECT_VERSION = 1;
				DEVELOPMENT_TEAM = Q62RS7827A;
				GENERATE_INFOPLIST_FILE = YES;
				INFOPLIST_FILE = Stickers/Info.plist;
				IPHONEOS_DEPLOYMENT_TARGET = 10.0;
				MARKETING_VERSION = 1.0;
				PRODUCT_BUNDLE_IDENTIFIER = com.visitsouthlake.Stickers;
				PRODUCT_NAME = "$(TARGET_NAME)";
				SKIP_INSTALL = YES;
				SUPPORTS_MACCATALYST = NO;
				SWIFT_EMIT_LOC_STRINGS = YES;
				TARGETED_DEVICE_FAMILY = "1,2";
			};
			name = Debug;
		};
		684F2C1C28C38F10008C8793 /* Release */ = {
			isa = XCBuildConfiguration;
			buildSettings = {
				ASSETCATALOG_COMPILER_APPICON_NAME = "iMessage App Icon";
				CODE_SIGN_IDENTITY = "Apple Development";
				CODE_SIGN_STYLE = Automatic;
				CURRENT_PROJECT_VERSION = 1;
				DEVELOPMENT_TEAM = Q62RS7827A;
				GENERATE_INFOPLIST_FILE = YES;
				INFOPLIST_FILE = Stickers/Info.plist;
				IPHONEOS_DEPLOYMENT_TARGET = 10.0;
				MARKETING_VERSION = 1.0;
				PRODUCT_BUNDLE_IDENTIFIER = com.visitsouthlake.Stickers;
				PRODUCT_NAME = "$(TARGET_NAME)";
				SKIP_INSTALL = YES;
				SUPPORTS_MACCATALYST = NO;
				SWIFT_EMIT_LOC_STRINGS = YES;
				TARGETED_DEVICE_FAMILY = "1,2";
			};
			name = Release;
		};
/* End XCBuildConfiguration section */

/* Begin XCConfigurationList section */
		680C625628B3D7EC005F6137 /* Build configuration list for PBXProject "Africa_SwiftUI" */ = {
			isa = XCConfigurationList;
			buildConfigurations = (
				680C626728B3D7F0005F6137 /* Debug */,
				680C626828B3D7F0005F6137 /* Release */,
			);
			defaultConfigurationIsVisible = 0;
			defaultConfigurationName = Release;
		};
		680C626928B3D7F0005F6137 /* Build configuration list for PBXNativeTarget "Africa_SwiftUI" */ = {
			isa = XCConfigurationList;
			buildConfigurations = (
				680C626A28B3D7F0005F6137 /* Debug */,
				680C626B28B3D7F0005F6137 /* Release */,
			);
			defaultConfigurationIsVisible = 0;
			defaultConfigurationName = Release;
		};
		684F2C1A28C38F10008C8793 /* Build configuration list for PBXNativeTarget "Stickers" */ = {
			isa = XCConfigurationList;
			buildConfigurations = (
				684F2C1B28C38F10008C8793 /* Debug */,
				684F2C1C28C38F10008C8793 /* Release */,
			);
			defaultConfigurationIsVisible = 0;
			defaultConfigurationName = Release;
		};
/* End XCConfigurationList section */
	};
	rootObject = 680C625328B3D7EC005F6137 /* Project object */;
}
